# Genesis Plus GX pin for the external, test-only smoke harness (tools/emu/gpgx_harness.py).
# Fetched and built at test time into tools/emu/.cache/ -- never vendored into this repository.
# The emulator is under a NON-COMMERCIAL license (see its LICENSE.txt); it is NOT MIT.
repo=https://github.com/mao2009/Genesis-Plus-GX
commit=87dd8b80802ff5217ab2f765202b6b14ecd23f94
